// !$*UTF8*$!
{
	archiveVersion = 1;
	classes = {
	};
	objectVersion = 46;
	objects = {

/* Begin PBXBuildFile section */
		FAF029911C294C4900EF6056 /* AppDelegate.swift in Sources */ = {isa = PBXBuildFile; fileRef = FAF029901C294C4900EF6056 /* AppDelegate.swift */; };
		FAF029931C294C4900EF6056 /* ViewController.swift in Sources */ = {isa = PBXBuildFile; fileRef = FAF029921C294C4900EF6056 /* ViewController.swift */; };
		FAF029961C294C4900EF6056 /* Main.storyboard in Resources */ = {isa = PBXBuildFile; fileRef = FAF029941C294C4900EF6056 /* Main.storyboard */; };
		FAF029981C294C4900EF6056 /* Assets.xcassets in Resources */ = {isa = PBXBuildFile; fileRef = FAF029971C294C4900EF6056 /* Assets.xcassets */; };
		FAF0299B1C294C4900EF6056 /* LaunchScreen.storyboard in Resources */ = {isa = PBXBuildFile; fileRef = FAF029991C294C4900EF6056 /* LaunchScreen.storyboard */; };
/* End PBXBuildFile section */

/* Begin PBXFileReference section */
		FAF0298D1C294C4900EF6056 /* SliderApp.app */ = {isa = PBXFileReference; explicitFileType = wrapper.application; includeInIndex = 0; path = SliderApp.app; sourceTree = BUILT_PRODUCTS_DIR; };
		FAF029901C294C4900EF6056 /* AppDelegate.swift */ = {isa = PBXFileReference; lastKnownFileType = sourcecode.swift; path = AppDelegate.swift; sourceTree = "<group>"; };
		FAF029921C294C4900EF6056 /* ViewController.swift */ = {isa = PBXFileReference; lastKnownFileType = sourcecode.swift; path = ViewController.swift; sourceTree = "<group>"; };
		FAF029951C294C4900EF6056 /* Base */ = {isa = PBXFileReference; lastKnownFileType = file.storyboard; name = Base; path = Base.lproj/Main.storyboard; sourceTree = "<group>"; };
		FAF029971C294C4900EF6056 /* Assets.xcassets */ = {isa = PBXFileReference; lastKnownFileType = folder.assetcatalog; path = Assets.xcassets; sourceTree = "<group>"; };
		FAF0299A1C294C4900EF6056 /* Base */ = {isa = PBXFileReference; lastKnownFileType = file.storyboard; name = Base; path = Base.lproj/LaunchScreen.storyboard; sourceTree = "<group>"; };
		FAF0299C1C294C4900EF6056 /* Info.plist */ = {isa = PBXFileReference; lastKnownFileType = text.plist.xml; path = Info.plist; sourceTree = "<group>"; };
/* End PBXFileReference section */

/* Begin PBXFrameworksBuildPhase section */
		FAF0298A1C294C4900EF6056 /* Frameworks */ = {
			isa = PBXFrameworksBuildPhase;
			buildActionMask = 2147483647;
			files = (
			);
			runOnlyForDeploymentPostprocessing = 0;
		};
/* End PBXFrameworksBuildPhase section */

/* Begin PBXGroup section */
		FAF029841C294C4900EF6056 = {
			isa = PBXGroup;
			children = (
				FAF0298F1C294C4900EF6056 /* SliderApp */,
				FAF0298E1C294C4900EF6056 /* Products */,
			);
			sourceTree = "<group>";
		};
		FAF0298E1C294C4900EF6056 /* Products */ = {
			isa = PBXGroup;
			children = (
				FAF0298D1C294C4900EF6056 /* SliderApp.app */,
			);
			name = Products;
			sourceTree = "<group>";
		};
		FAF0298F1C294C4900EF6056 /* SliderApp */ = {
			isa = PBXGroup;
			children = (
				FAF029901C294C4900EF6056 /* AppDelegate.swift */,
				FAF029921C294C4900EF6056 /* ViewController.swift */,
				FAF029941C294C4900EF6056 /* Main.storyboard */,
				FAF029971C294C4900EF6056 /* Assets.xcassets */,
				FAF029991C294C4900EF6056 /* LaunchScreen.storyboard */,
				FAF0299C1C294C4900EF6056 /* Info.plist */,
			);
			path = SliderApp;
			sourceTree = "<group>";
		};
/* End PBXGroup section */

/* Begin PBXNativeTarget section */
		FAF0298C1C294C4900EF6056 /* SliderApp */ = {
			isa = PBXNativeTarget;
			buildConfigurationList = FAF0299F1C294C4900EF6056 /* Build configuration list for PBXNativeTarget "SliderApp" */;
			buildPhases = (
				FAF029891C294C4900EF6056 /* Sources */,
				FAF0298A1C294C4900EF6056 /* Frameworks */,
				FAF0298B1C294C4900EF6056 /* Resources */,
			);
			buildRules = (
			);
			dependencies = (
			);
			name = SliderApp;
			productName = SliderApp;
			productReference = FAF0298D1C294C4900EF6056 /* SliderApp.app */;
			productType = "com.apple.product-type.application";
		};
/* End PBXNativeTarget section */

/* Begin PBXProject section */
		FAF029851C294C4900EF6056 /* Project object */ = {
			isa = PBXProject;
			attributes = {
				LastSwiftUpdateCheck = 0720;
				LastUpgradeCheck = 0720;
				ORGANIZATIONNAME = mezhevikin;
				TargetAttributes = {
					FAF0298C1C294C4900EF6056 = {
						CreatedOnToolsVersion = 7.2;
					};
				};
			};
			buildConfigurationList = FAF029881C294C4900EF6056 /* Build configuration list for PBXProject "SliderApp" */;
			compatibilityVersion = "Xcode 3.2";
			developmentRegion = English;
			hasScannedForEncodings = 0;
			knownRegions = (
				en,
				Base,
			);
			mainGroup = FAF029841C294C4900EF6056;
			productRefGroup = FAF0298E1C294C4900EF6056 /* Products */;
			projectDirPath = "";
			projectRoot = "";
			targets = (
				FAF0298C1C294C4900EF6056 /* SliderApp */,
			);
		};
/* End PBXProject section */

/* Begin PBXResourcesBuildPhase section */
		FAF0298B1C294C4900EF6056 /* Resources */ = {
			isa = PBXResourcesBuildPhase;
			buildActionMask = 2147483647;
			files = (
				FAF0299B1C294C4900EF6056 /* LaunchScreen.storyboard in Resources */,
				FAF029981C294C4900EF6056 /* Assets.xcassets in Resources */,
				FAF029961C294C4900EF6056 /* Main.storyboard in Resources */,
			);
			runOnlyForDeploymentPostprocessing = 0;
		};
/* End PBXResourcesBuildPhase section */

/* Begin PBXSourcesBuildPhase section */
		FAF029891C294C4900EF6056 /* Sources */ = {
			isa = PBXSourcesBuildPhase;
			buildActionMask = 2147483647;
			files = (
				FAF029931C294C4900EF6056 /* ViewController.swift in Sources */,
				FAF029911C294C4900EF6056 /* AppDelegate.swift in Sources */,
			);
			runOnlyForDeploymentPostprocessing = 0;
		};
/* End PBXSourcesBuildPhase section */

/* Begin PBXVariantGroup section */
		FAF029941C294C4900EF6056 /* Main.storyboard */ = {
			isa = PBXVariantGroup;
			children = (
				FAF029951C294C4900EF6056 /* Base */,
			);
			name = Main.storyboard;
			sourceTree = "<group>";
		};
		FAF029991C294C4900EF6056 /* LaunchScreen.storyboard */ = {
			isa = PBXVariantGroup;
			children = (
				FAF0299A1C294C4900EF6056 /* Base */,
			);
			name = LaunchScreen.storyboard;
			sourceTree = "<group>";
		};
/* End PBXVariantGroup section */

/* Begin XCBuildConfiguration section */
		FAF0299D1C294C4900EF6056 /* Debug */ = {
			isa = XCBuildConfiguration;
			buildSettings = {
				ALWAYS_SEARCH_USER_PATHS = NO;
				CLANG_CXX_LANGUAGE_STANDARD = "gnu++0x";
				CLANG_CXX_LIBRARY = "libc++";
				CLANG_ENABLE_MODULES = YES;
				CLANG_ENABLE_OBJC_ARC = YES;
				CLANG_WARN_BOOL_CONVERSION = YES;
				CLANG_WARN_CONSTANT_CONVERSION = YES;
				CLANG_WARN_DIRECT_OBJC_ISA_USAGE = YES_ERROR;
				CLANG_WARN_EMPTY_BODY = YES;
				CLANG_WARN_ENUM_CONVERSION = YES;
				CLANG_WARN_INT_CONVERSION = YES;
				CLANG_WARN_OBJC_ROOT_CLASS = YES_ERROR;
				CLANG_WARN_UNREACHABLE_CODE = YES;
				CLANG_WARN__DUPLICATE_METHOD_MATCH = YES;
				"CODE_SIGN_IDENTITY[sdk=iphoneos*]" = "iPhone Developer";
				COPY_PHASE_STRIP = NO;
				DEBUG_INFORMATION_FORMAT = dwarf;
				ENABLE_STRICT_OBJC_MSGSEND = YES;
				ENABLE_TESTABILITY = YES;
				GCC_C_LANGUAGE_STANDARD = gnu99;
				GCC_DYNAMIC_NO_PIC = NO;
				GCC_NO_COMMON_BLOCKS = YES;
				GCC_OPTIMIZATION_LEVEL = 0;
				GCC_PREPROCESSOR_DEFINITIONS = (
					"DEBUG=1",
					"$(inherited)",
				);
				GCC_WARN_64_TO_32_BIT_CONVERSION = YES;
				GCC_WARN_ABOUT_RETURN_TYPE = YES_ERROR;
				GCC_WARN_UNDECLARED_SELECTOR = YES;
				GCC_WARN_UNINITIALIZED_AUTOS = YES_AGGRESSIVE;
				GCC_WARN_UNUSED_FUNCTION = YES;
				GCC_WARN_UNUSED_VARIABLE = YES;
				IPHONEOS_DEPLOYMENT_TARGET = 9.2;
				MTL_ENABLE_DEBUG_INFO = YES;
				ONLY_ACTIVE_ARCH = YES;
				SDKROOT = iphoneos;
				SWIFT_OPTIMIZATION_LEVEL = "-Onone";
				TARGETED_DEVICE_FAMILY = "1,2";
			};
			name = Debug;
		};
		FAF0299E1C294C4900EF6056 /* Release */ = {
			isa = XCBuildConfiguration;
			buildSettings = {
				ALWAYS_SEARCH_USER_PATHS = NO;
				CLANG_CXX_LANGUAGE_STANDARD = "gnu++0x";
				CLANG_CXX_LIBRARY = "libc++";
				CLANG_ENABLE_MODULES = YES;
				CLANG_ENABLE_OBJC_ARC = YES;
				CLANG_WARN_BOOL_CONVERSION = YES;
				CLANG_WARN_CONSTANT_CONVERSION = YES;
				CLANG_WARN_DIRECT_OBJC_ISA_USAGE = YES_ERROR;
				CLANG_WARN_EMPTY_BODY = YES;
				CLANG_WARN_ENUM_CONVERSION = YES;
				CLANG_WARN_INT_CONVERSION = YES;
				CLANG_WARN_OBJC_ROOT_CLASS = YES_ERROR;
				CLANG_WARN_UNREACHABLE_CODE = YES;
				CLANG_WARN__DUPLICATE_METHOD_MATCH = YES;
				"CODE_SIGN_IDENTITY[sdk=iphoneos*]" = "iPhone Developer";
				COPY_PHASE_STRIP = NO;
				DEBUG_INFORMATION_FORMAT = "dwarf-with-dsym";
				ENABLE_NS_ASSERTIONS = NO;
				ENABLE_STRICT_OBJC_MSGSEND = YES;
				GCC_C_LANGUAGE_STANDARD = gnu99;
				GCC_NO_COMMON_BLOCKS = YES;
				GCC_WARN_64_TO_32_BIT_CONVERSION = YES;
				GCC_WARN_ABOUT_RETURN_TYPE = YES_ERROR;
				GCC_WARN_UNDECLARED_SELECTOR = YES;
				GCC_WARN_UNINITIALIZED_AUTOS = YES_AGGRESSIVE;
				GCC_WARN_UNUSED_FUNCTION = YES;
				GCC_WARN_UNUSED_VARIABLE = YES;
				IPHONEOS_DEPLOYMENT_TARGET = 9.2;
				MTL_ENABLE_DEBUG_INFO = NO;
				SDKROOT = iphoneos;
				TARGETED_DEVICE_FAMILY = "1,2";
				VALIDATE_PRODUCT = YES;
			};
			name = Release;
		};
		FAF029A01C294C4900EF6056 /* Debug */ = {
			isa = XCBuildConfiguration;
			buildSettings = {
				ASSETCATALOG_COMPILER_APPICON_NAME = AppIcon;
				INFOPLIST_FILE = SliderApp/Info.plist;
				LD_RUNPATH_SEARCH_PATHS = "$(inherited) @executable_path/Frameworks";
				PRODUCT_BUNDLE_IDENTIFIER = com.mezhevikin.SliderApp;
				PRODUCT_NAME = "$(TARGET_NAME)";
			};
			name = Debug;
		};
		FAF029A11C294C4900EF6056 /* Release */ = {
			isa = XCBuildConfiguration;
			buildSettings = {
				ASSETCATALOG_COMPILER_APPICON_NAME = AppIcon;
				INFOPLIST_FILE = SliderApp/Info.plist;
				LD_RUNPATH_SEARCH_PATHS = "$(inherited) @executable_path/Frameworks";
				PRODUCT_BUNDLE_IDENTIFIER = com.mezhevikin.SliderApp;
				PRODUCT_NAME = "$(TARGET_NAME)";
			};
			name = Release;
		};
/* End XCBuildConfiguration section */

/* Begin XCConfigurationList section */
		FAF029881C294C4900EF6056 /* Build configuration list for PBXProject "SliderApp" */ = {
			isa = XCConfigurationList;
			buildConfigurations = (
				FAF0299D1C294C4900EF6056 /* Debug */,
				FAF0299E1C294C4900EF6056 /* Release */,
			);
			defaultConfigurationIsVisible = 0;
			defaultConfigurationName = Release;
		};
		FAF0299F1C294C4900EF6056 /* Build configuration list for PBXNativeTarget "SliderApp" */ = {
			isa = XCConfigurationList;
			buildConfigurations = (
				FAF029A01C294C4900EF6056 /* Debug */,
				FAF029A11C294C4900EF6056 /* Release */,
			);
			defaultConfigurationIsVisible = 0;
		};
/* End XCConfigurationList section */
	};
	rootObject = FAF029851C294C4900EF6056 /* Project object */;
}
